// !$*UTF8*$!
{
	archiveVersion = 1;
	classes = {
	};
	objectVersion = 50;
	objects = {

/* Begin PBXBuildFile section */
		9268FF2B279A6A74004E2FF2 /* AppDelegate.swift in Sources */ = {isa = PBXBuildFile; fileRef = 9268FF2A279A6A74004E2FF2 /* AppDelegate.swift */; };
		9268FF2D279A6A74004E2FF2 /* SceneDelegate.swift in Sources */ = {isa = PBXBuildFile; fileRef = 9268FF2C279A6A74004E2FF2 /* SceneDelegate.swift */; };
		9268FF32279A6A74004E2FF2 /* Main.storyboard in Resources */ = {isa = PBXBuildFile; fileRef = 9268FF30279A6A74004E2FF2 /* Main.storyboard */; };
		9268FF34279A6A78004E2FF2 /* Assets.xcassets in Resources */ = {isa = PBXBuildFile; fileRef = 9268FF33279A6A78004E2FF2 /* Assets.xcassets */; };
		9268FF37279A6A78004E2FF2 /* LaunchScreen.storyboard in Resources */ = {isa = PBXBuildFile; fileRef = 9268FF35279A6A78004E2FF2 /* LaunchScreen.storyboard */; };
		9268FF40279A6B82004E2FF2 /* AlertListViewController.swift in Sources */ = {isa = PBXBuildFile; fileRef = 9268FF3F279A6B82004E2FF2 /* AlertListViewController.swift */; };
		9268FF43279A6D2E004E2FF2 /* AlertListCell.xib in Resources */ = {isa = PBXBuildFile; fileRef = 9268FF41279A6D2E004E2FF2 /* AlertListCell.xib */; };
		9268FF44279A6D2E004E2FF2 /* AlertListCell.swift in Sources */ = {isa = PBXBuildFile; fileRef = 9268FF42279A6D2E004E2FF2 /* AlertListCell.swift */; };
		9268FF48279A7306004E2FF2 /* Alert.swift in Sources */ = {isa = PBXBuildFile; fileRef = 9268FF47279A7306004E2FF2 /* Alert.swift */; };
		9268FF4A279A7A68004E2FF2 /* AddAlertViewController.swift in Sources */ = {isa = PBXBuildFile; fileRef = 9268FF49279A7A68004E2FF2 /* AddAlertViewController.swift */; };
/* End PBXBuildFile section */

/* Begin PBXFileReference section */
		9268FF27279A6A74004E2FF2 /* DrinkWater.app */ = {isa = PBXFileReference; explicitFileType = wrapper.application; includeInIndex = 0; path = DrinkWater.app; sourceTree = BUILT_PRODUCTS_DIR; };
		9268FF2A279A6A74004E2FF2 /* AppDelegate.swift */ = {isa = PBXFileReference; lastKnownFileType = sourcecode.swift; path = AppDelegate.swift; sourceTree = "<group>"; };
		9268FF2C279A6A74004E2FF2 /* SceneDelegate.swift */ = {isa = PBXFileReference; lastKnownFileType = sourcecode.swift; path = SceneDelegate.swift; sourceTree = "<group>"; };
		9268FF31279A6A74004E2FF2 /* Base */ = {isa = PBXFileReference; lastKnownFileType = file.storyboard; name = Base; path = Base.lproj/Main.storyboard; sourceTree = "<group>"; };
		9268FF33279A6A78004E2FF2 /* Assets.xcassets */ = {isa = PBXFileReference; lastKnownFileType = folder.assetcatalog; path = Assets.xcassets; sourceTree = "<group>"; };
		9268FF36279A6A78004E2FF2 /* Base */ = {isa = PBXFileReference; lastKnownFileType = file.storyboard; name = Base; path = Base.lproj/LaunchScreen.storyboard; sourceTree = "<group>"; };
		9268FF38279A6A78004E2FF2 /* Info.plist */ = {isa = PBXFileReference; lastKnownFileType = text.plist.xml; path = Info.plist; sourceTree = "<group>"; };
		9268FF3E279A6AA7004E2FF2 /* README.md */ = {isa = PBXFileReference; lastKnownFileType = net.daringfireball.markdown; path = README.md; sourceTree = "<group>"; };
		9268FF3F279A6B82004E2FF2 /* AlertListViewController.swift */ = {isa = PBXFileReference; lastKnownFileType = sourcecode.swift; path = AlertListViewController.swift; sourceTree = "<group>"; };
		9268FF41279A6D2E004E2FF2 /* AlertListCell.xib */ = {isa = PBXFileReference; lastKnownFileType = file.xib; path = AlertListCell.xib; sourceTree = "<group>"; };
		9268FF42279A6D2E004E2FF2 /* AlertListCell.swift */ = {isa = PBXFileReference; lastKnownFileType = sourcecode.swift; path = AlertListCell.swift; sourceTree = "<group>"; };
		9268FF47279A7306004E2FF2 /* Alert.swift */ = {isa = PBXFileReference; lastKnownFileType = sourcecode.swift; path = Alert.swift; sourceTree = "<group>"; };
		9268FF49279A7A68004E2FF2 /* AddAlertViewController.swift */ = {isa = PBXFileReference; lastKnownFileType = sourcecode.swift; path = AddAlertViewController.swift; sourceTree = "<group>"; };
/* End PBXFileReference section */

/* Begin PBXFrameworksBuildPhase section */
		9268FF24279A6A73004E2FF2 /* Frameworks */ = {
			isa = PBXFrameworksBuildPhase;
			buildActionMask = 2147483647;
			files = (
			);
			runOnlyForDeploymentPostprocessing = 0;
		};
/* End PBXFrameworksBuildPhase section */

/* Begin PBXGroup section */
		9268FF1E279A6A73004E2FF2 = {
			isa = PBXGroup;
			children = (
				9268FF3E279A6AA7004E2FF2 /* README.md */,
				9268FF29279A6A74004E2FF2 /* DrinkWater */,
				9268FF28279A6A74004E2FF2 /* Products */,
			);
			sourceTree = "<group>";
		};
		9268FF28279A6A74004E2FF2 /* Products */ = {
			isa = PBXGroup;
			children = (
				9268FF27279A6A74004E2FF2 /* DrinkWater.app */,
			);
			name = Products;
			sourceTree = "<group>";
		};
		9268FF29279A6A74004E2FF2 /* DrinkWater */ = {
			isa = PBXGroup;
			children = (
				9268FF2A279A6A74004E2FF2 /* AppDelegate.swift */,
				9268FF2C279A6A74004E2FF2 /* SceneDelegate.swift */,
				9268FF30279A6A74004E2FF2 /* Main.storyboard */,
				9268FF33279A6A78004E2FF2 /* Assets.xcassets */,
				9268FF35279A6A78004E2FF2 /* LaunchScreen.storyboard */,
				9268FF38279A6A78004E2FF2 /* Info.plist */,
				9268FF3F279A6B82004E2FF2 /* AlertListViewController.swift */,
				9268FF41279A6D2E004E2FF2 /* AlertListCell.xib */,
				9268FF42279A6D2E004E2FF2 /* AlertListCell.swift */,
				9268FF47279A7306004E2FF2 /* Alert.swift */,
				9268FF49279A7A68004E2FF2 /* AddAlertViewController.swift */,
			);
			path = DrinkWater;
			sourceTree = "<group>";
		};
/* End PBXGroup section */

/* Begin PBXNativeTarget section */
		9268FF26279A6A73004E2FF2 /* DrinkWater */ = {
			isa = PBXNativeTarget;
			buildConfigurationList = 9268FF3B279A6A78004E2FF2 /* Build configuration list for PBXNativeTarget "DrinkWater" */;
			buildPhases = (
				9268FF23279A6A73004E2FF2 /* Sources */,
				9268FF24279A6A73004E2FF2 /* Frameworks */,
				9268FF25279A6A73004E2FF2 /* Resources */,
			);
			buildRules = (
			);
			dependencies = (
			);
			name = DrinkWater;
			productName = DrinkWater;
			productReference = 9268FF27279A6A74004E2FF2 /* DrinkWater.app */;
			productType = "com.apple.product-type.application";
		};
/* End PBXNativeTarget section */

/* Begin PBXProject section */
		9268FF1F279A6A73004E2FF2 /* Project object */ = {
			isa = PBXProject;
			attributes = {
				LastSwiftUpdateCheck = 1250;
				LastUpgradeCheck = 1250;
				TargetAttributes = {
					9268FF26279A6A73004E2FF2 = {
						CreatedOnToolsVersion = 12.5.1;
					};
				};
			};
			buildConfigurationList = 9268FF22279A6A73004E2FF2 /* Build configuration list for PBXProject "DrinkWater" */;
			compatibilityVersion = "Xcode 9.3";
			developmentRegion = en;
			hasScannedForEncodings = 0;
			knownRegions = (
				en,
				Base,
			);
			mainGroup = 9268FF1E279A6A73004E2FF2;
			productRefGroup = 9268FF28279A6A74004E2FF2 /* Products */;
			projectDirPath = "";
			projectRoot = "";
			targets = (
				9268FF26279A6A73004E2FF2 /* DrinkWater */,
			);
		};
/* End PBXProject section */

/* Begin PBXResourcesBuildPhase section */
		9268FF25279A6A73004E2FF2 /* Resources */ = {
			isa = PBXResourcesBuildPhase;
			buildActionMask = 2147483647;
			files = (
				9268FF37279A6A78004E2FF2 /* LaunchScreen.storyboard in Resources */,
				9268FF34279A6A78004E2FF2 /* Assets.xcassets in Resources */,
				9268FF43279A6D2E004E2FF2 /* AlertListCell.xib in Resources */,
				9268FF32279A6A74004E2FF2 /* Main.storyboard in Resources */,
			);
			runOnlyForDeploymentPostprocessing = 0;
		};
/* End PBXResourcesBuildPhase section */

/* Begin PBXSourcesBuildPhase section */
		9268FF23279A6A73004E2FF2 /* Sources */ = {
			isa = PBXSourcesBuildPhase;
			buildActionMask = 2147483647;
			files = (
				9268FF2B279A6A74004E2FF2 /* AppDelegate.swift in Sources */,
				9268FF2D279A6A74004E2FF2 /* SceneDelegate.swift in Sources */,
				9268FF44279A6D2E004E2FF2 /* AlertListCell.swift in Sources */,
				9268FF48279A7306004E2FF2 /* Alert.swift in Sources */,
				9268FF40279A6B82004E2FF2 /* AlertListViewController.swift in Sources */,
				9268FF4A279A7A68004E2FF2 /* AddAlertViewController.swift in Sources */,
			);
			runOnlyForDeploymentPostprocessing = 0;
		};
/* End PBXSourcesBuildPhase section */

/* Begin PBXVariantGroup section */
		9268FF30279A6A74004E2FF2 /* Main.storyboard */ = {
			isa = PBXVariantGroup;
			children = (
				9268FF31279A6A74004E2FF2 /* Base */,
			);
			name = Main.storyboard;
			sourceTree = "<group>";
		};
		9268FF35279A6A78004E2FF2 /* LaunchScreen.storyboard */ = {
			isa = PBXVariantGroup;
			children = (
				9268FF36279A6A78004E2FF2 /* Base */,
			);
			name = LaunchScreen.storyboard;
			sourceTree = "<group>";
		};
/* End PBXVariantGroup section */

/* Begin XCBuildConfiguration section */
		9268FF39279A6A78004E2FF2 /* Debug */ = {
			isa = XCBuildConfiguration;
			buildSettings = {
				ALWAYS_SEARCH_USER_PATHS = NO;
				CLANG_ANALYZER_NONNULL = YES;
				CLANG_ANALYZER_NUMBER_OBJECT_CONVERSION = YES_AGGRESSIVE;
				CLANG_CXX_LANGUAGE_STANDARD = "gnu++14";
				CLANG_CXX_LIBRARY = "libc++";
				CLANG_ENABLE_MODULES = YES;
				CLANG_ENABLE_OBJC_ARC = YES;
				CLANG_ENABLE_OBJC_WEAK = YES;
				CLANG_WARN_BLOCK_CAPTURE_AUTORELEASING = YES;
				CLANG_WARN_BOOL_CONVERSION = YES;
				CLANG_WARN_COMMA = YES;
				CLANG_WARN_CONSTANT_CONVERSION = YES;
				CLANG_WARN_DEPRECATED_OBJC_IMPLEMENTATIONS = YES;
				CLANG_WARN_DIRECT_OBJC_ISA_USAGE = YES_ERROR;
				CLANG_WARN_DOCUMENTATION_COMMENTS = YES;
				CLANG_WARN_EMPTY_BODY = YES;
				CLANG_WARN_ENUM_CONVERSION = YES;
				CLANG_WARN_INFINITE_RECURSION = YES;
				CLANG_WARN_INT_CONVERSION = YES;
				CLANG_WARN_NON_LITERAL_NULL_CONVERSION = YES;
				CLANG_WARN_OBJC_IMPLICIT_RETAIN_SELF = YES;
				CLANG_WARN_OBJC_LITERAL_CONVERSION = YES;
				CLANG_WARN_OBJC_ROOT_CLASS = YES_ERROR;
				CLANG_WARN_QUOTED_INCLUDE_IN_FRAMEWORK_HEADER = YES;
				CLANG_WARN_RANGE_LOOP_ANALYSIS = YES;
				CLANG_WARN_STRICT_PROTOTYPES = YES;
				CLANG_WARN_SUSPICIOUS_MOVE = YES;
				CLANG_WARN_UNGUARDED_AVAILABILITY = YES_AGGRESSIVE;
				CLANG_WARN_UNREACHABLE_CODE = YES;
				CLANG_WARN__DUPLICATE_METHOD_MATCH = YES;
				COPY_PHASE_STRIP = NO;
				DEBUG_INFORMATION_FORMAT = dwarf;
				ENABLE_STRICT_OBJC_MSGSEND = YES;
				ENABLE_TESTABILITY = YES;
				GCC_C_LANGUAGE_STANDARD = gnu11;
				GCC_DYNAMIC_NO_PIC = NO;
				GCC_NO_COMMON_BLOCKS = YES;
				GCC_OPTIMIZATION_LEVEL = 0;
				GCC_PREPROCESSOR_DEFINITIONS = (
					"DEBUG=1",
					"$(inherited)",
				);
				GCC_WARN_64_TO_32_BIT_CONVERSION = YES;
				GCC_WARN_ABOUT_RETURN_TYPE = YES_ERROR;
				GCC_WARN_UNDECLARED_SELECTOR = YES;
				GCC_WARN_UNINITIALIZED_AUTOS = YES_AGGRESSIVE;
				GCC_WARN_UNUSED_FUNCTION = YES;
				GCC_WARN_UNUSED_VARIABLE = YES;
				IPHONEOS_DEPLOYMENT_TARGET = 14.5;
				MTL_ENABLE_DEBUG_INFO = INCLUDE_SOURCE;
				MTL_FAST_MATH = YES;
				ONLY_ACTIVE_ARCH = YES;
				SDKROOT = iphoneos;
				SWIFT_ACTIVE_COMPILATION_CONDITIONS = DEBUG;
				SWIFT_OPTIMIZATION_LEVEL = "-Onone";
			};
			name = Debug;
		};
		9268FF3A279A6A78004E2FF2 /* Release */ = {
			isa = XCBuildConfiguration;
			buildSettings = {
				ALWAYS_SEARCH_USER_PATHS = NO;
				CLANG_ANALYZER_NONNULL = YES;
				CLANG_ANALYZER_NUMBER_OBJECT_CONVERSION = YES_AGGRESSIVE;
				CLANG_CXX_LANGUAGE_STANDARD = "gnu++14";
				CLANG_CXX_LIBRARY = "libc++";
				CLANG_ENABLE_MODULES = YES;
				CLANG_ENABLE_OBJC_ARC = YES;
				CLANG_ENABLE_OBJC_WEAK = YES;
				CLANG_WARN_BLOCK_CAPTURE_AUTORELEASING = YES;
				CLANG_WARN_BOOL_CONVERSION = YES;
				CLANG_WARN_COMMA = YES;
				CLANG_WARN_CONSTANT_CONVERSION = YES;
				CLANG_WARN_DEPRECATED_OBJC_IMPLEMENTATIONS = YES;
				CLANG_WARN_DIRECT_OBJC_ISA_USAGE = YES_ERROR;
				CLANG_WARN_DOCUMENTATION_COMMENTS = YES;
				CLANG_WARN_EMPTY_BODY = YES;
				CLANG_WARN_ENUM_CONVERSION = YES;
				CLANG_WARN_INFINITE_RECURSION = YES;
				CLANG_WARN_INT_CONVERSION = YES;
				CLANG_WARN_NON_LITERAL_NULL_CONVERSION = YES;
				CLANG_WARN_OBJC_IMPLICIT_RETAIN_SELF = YES;
				CLANG_WARN_OBJC_LITERAL_CONVERSION = YES;
				CLANG_WARN_OBJC_ROOT_CLASS = YES_ERROR;
				CLANG_WARN_QUOTED_INCLUDE_IN_FRAMEWORK_HEADER = YES;
				CLANG_WARN_RANGE_LOOP_ANALYSIS = YES;
				CLANG_WARN_STRICT_PROTOTYPES = YES;
				CLANG_WARN_SUSPICIOUS_MOVE = YES;
				CLANG_WARN_UNGUARDED_AVAILABILITY = YES_AGGRESSIVE;
				CLANG_WARN_UNREACHABLE_CODE = YES;
				CLANG_WARN__DUPLICATE_METHOD_MATCH = YES;
				COPY_PHASE_STRIP = NO;
				DEBUG_INFORMATION_FORMAT = "dwarf-with-dsym";
				ENABLE_NS_ASSERTIONS = NO;
				ENABLE_STRICT_OBJC_MSGSEND = YES;
				GCC_C_LANGUAGE_STANDARD = gnu11;
				GCC_NO_COMMON_BLOCKS = YES;
				GCC_WARN_64_TO_32_BIT_CONVERSION = YES;
				GCC_WARN_ABOUT_RETURN_TYPE = YES_ERROR;
				GCC_WARN_UNDECLARED_SELECTOR = YES;
				GCC_WARN_UNINITIALIZED_AUTOS = YES_AGGRESSIVE;
				GCC_WARN_UNUSED_FUNCTION = YES;
				GCC_WARN_UNUSED_VARIABLE = YES;
				IPHONEOS_DEPLOYMENT_TARGET = 14.5;
				MTL_ENABLE_DEBUG_INFO = NO;
				MTL_FAST_MATH = YES;
				SDKROOT = iphoneos;
				SWIFT_COMPILATION_MODE = wholemodule;
				SWIFT_OPTIMIZATION_LEVEL = "-O";
				VALIDATE_PRODUCT = YES;
			};
			name = Release;
		};
		9268FF3C279A6A78004E2FF2 /* Debug */ = {
			isa = XCBuildConfiguration;
			buildSettings = {
				ASSETCATALOG_COMPILER_APPICON_NAME = AppIcon;
				ASSETCATALOG_COMPILER_GLOBAL_ACCENT_COLOR_NAME = AccentColor;
				CODE_SIGN_STYLE = Automatic;
				DEVELOPMENT_TEAM = XJA7283JV3;
				INFOPLIST_FILE = DrinkWater/Info.plist;
				LD_RUNPATH_SEARCH_PATHS = (
					"$(inherited)",
					"@executable_path/Frameworks",
				);
				PRODUCT_BUNDLE_IDENTIFIER = com.fastcampus.DrinkWater;
				PRODUCT_NAME = "$(TARGET_NAME)";
				SWIFT_VERSION = 5.0;
				TARGETED_DEVICE_FAMILY = "1,2";
			};
			name = Debug;
		};
		9268FF3D279A6A78004E2FF2 /* Release */ = {
			isa = XCBuildConfiguration;
			buildSettings = {
				ASSETCATALOG_COMPILER_APPICON_NAME = AppIcon;
				ASSETCATALOG_COMPILER_GLOBAL_ACCENT_COLOR_NAME = AccentColor;
				CODE_SIGN_STYLE = Automatic;
				DEVELOPMENT_TEAM = XJA7283JV3;
				INFOPLIST_FILE = DrinkWater/Info.plist;
				LD_RUNPATH_SEARCH_PATHS = (
					"$(inherited)",
					"@executable_path/Frameworks",
				);
				PRODUCT_BUNDLE_IDENTIFIER = com.fastcampus.DrinkWater;
				PRODUCT_NAME = "$(TARGET_NAME)";
				SWIFT_VERSION = 5.0;
				TARGETED_DEVICE_FAMILY = "1,2";
			};
			name = Release;
		};
/* End XCBuildConfiguration section */

/* Begin XCConfigurationList section */
		9268FF22279A6A73004E2FF2 /* Build configuration list for PBXProject "DrinkWater" */ = {
			isa = XCConfigurationList;
			buildConfigurations = (
				9268FF39279A6A78004E2FF2 /* Debug */,
				9268FF3A279A6A78004E2FF2 /* Release */,
			);
			defaultConfigurationIsVisible = 0;
			defaultConfigurationName = Release;
		};
		9268FF3B279A6A78004E2FF2 /* Build configuration list for PBXNativeTarget "DrinkWater" */ = {
			isa = XCConfigurationList;
			buildConfigurations = (
				9268FF3C279A6A78004E2FF2 /* Debug */,
				9268FF3D279A6A78004E2FF2 /* Release */,
			);
			defaultConfigurationIsVisible = 0;
			defaultConfigurationName = Release;
		};
/* End XCConfigurationList section */
	};
	rootObject = 9268FF1F279A6A73004E2FF2 /* Project object */;
}
